<?xml version="1.0" encoding="utf-8"?>
<Project ToolsVersion="18.0" xmlns="http://schemas.microsoft.com/developer/msbuild/2003">
  <ItemGroup>
    <ClCompile Include="C:\Users\Asus\Atch_Kernel\src\Ring3_UserApp\host\main.cpp">
      <Filter>Source Files</Filter>
    </ClCompile>
    <ClCompile Include="C:\Users\Asus\Atch_Kernel\src\Ring3_UserApp\host\DriverController.cpp">
      <Filter>Source Files</Filter>
    </ClCompile>
    <ClCompile Include="C:\Users\Asus\Atch_Kernel\src\Ring3_UserApp\host\HeartbeatManager.cpp">
      <Filter>Source Files</Filter>
    </ClCompile>
    <ClCompile Include="C:\Users\Asus\Atch_Kernel\src\Ring3_UserApp\host\IntegrityChecker.cpp">
      <Filter>Source Files</Filter>
    </ClCompile>
    <ClCompile Include="C:\Users\Asus\Atch_Kernel\src\Ring3_UserApp\host\MessageBridge.cpp">
      <Filter>Source Files</Filter>
    </ClCompile>
    <ClCompile Include="C:\Users\Asus\Atch_Kernel\src\Ring3_UserApp\host\DynamicScanner.cpp">
      <Filter>Source Files</Filter>
    </ClCompile>
    <ClCompile Include="C:\Users\Asus\Atch_Kernel\src\Ring3_UserApp\host\Logger.cpp">
      <Filter>Source Files</Filter>
    </ClCompile>
  </ItemGroup>
  <ItemGroup>
    <CustomBuild Include="C:\Users\Asus\Atch_Kernel\src\Ring3_UserApp\host\CMakeLists.txt" />
  </ItemGroup>
  <ItemGroup>
    <Filter Include="Source Files">
      <UniqueIdentifier>{D549631F-CB4B-3A01-97FF-CC4C71E10530}</UniqueIdentifier>
    </Filter>
  </ItemGroup>
</Project>
